
Microsoft Visual Studio Solution File, Format Version 12.00
# Visual Studio Version 17
VisualStudioVersion = 17.8.34205.153
MinimumVisualStudioVersion = 10.0.40219.1
Project("{9A19103F-16F7-4668-BE54-9A1E7A4F7556}") = "SignalRBasicApp", "SignalRBasicApp\SignalRBasicApp.csproj", "{BA5AB0E0-0939-4435-B315-5AFE74CBE0E6}"
EndProject
Project("{FAE04EC0-301F-11D3-BF4B-00C04F79EFBC}") = "SignalRRedisApp", "SignalRRedisApp\SignalRRedisApp.csproj", "{33194326-6557-46D0-9A9F-9DED0E2049DF}"
EndProject
Project("{FAE04EC0-301F-11D3-BF4B-00C04F79EFBC}") = "SignalRAzureSignalRApp", "SignalRAzureSignalRApp\SignalRAzureSignalRApp.csproj", "{9EECEA2E-5370-4555-B517-BF3831B2ECBF}"
EndProject
Project("{2150E333-8FDC-42A3-9474-1A3956D46DE8}") = "발표자료", "발표자료", "{8CD7779E-13B7-4A76-8E17-A253A89B9B87}"
	ProjectSection(SolutionItems) = preProject
		..\..\5.Education\DotNETConf-2023-Fall\.NET8 ASP.NET SignalR 기반 초거대 메시징 서비스 구현하기.pptx = ..\..\5.Education\DotNETConf-2023-Fall\.NET8 ASP.NET SignalR 기반 초거대 메시징 서비스 구현하기.pptx
	EndProjectSection
EndProject
Global
	GlobalSection(SolutionConfigurationPlatforms) = preSolution
		Debug|Any CPU = Debug|Any CPU
		Release|Any CPU = Release|Any CPU
	EndGlobalSection
	GlobalSection(ProjectConfigurationPlatforms) = postSolution
		{BA5AB0E0-0939-4435-B315-5AFE74CBE0E6}.Debug|Any CPU.ActiveCfg = Debug|Any CPU
		{BA5AB0E0-0939-4435-B315-5AFE74CBE0E6}.Debug|Any CPU.Build.0 = Debug|Any CPU
		{BA5AB0E0-0939-4435-B315-5AFE74CBE0E6}.Release|Any CPU.ActiveCfg = Release|Any CPU
		{BA5AB0E0-0939-4435-B315-5AFE74CBE0E6}.Release|Any CPU.Build.0 = Release|Any CPU
		{33194326-6557-46D0-9A9F-9DED0E2049DF}.Debug|Any CPU.ActiveCfg = Debug|Any CPU
		{33194326-6557-46D0-9A9F-9DED0E2049DF}.Debug|Any CPU.Build.0 = Debug|Any CPU
		{33194326-6557-46D0-9A9F-9DED0E2049DF}.Release|Any CPU.ActiveCfg = Release|Any CPU
		{33194326-6557-46D0-9A9F-9DED0E2049DF}.Release|Any CPU.Build.0 = Release|Any CPU
		{9EECEA2E-5370-4555-B517-BF3831B2ECBF}.Debug|Any CPU.ActiveCfg = Debug|Any CPU
		{9EECEA2E-5370-4555-B517-BF3831B2ECBF}.Debug|Any CPU.Build.0 = Debug|Any CPU
		{9EECEA2E-5370-4555-B517-BF3831B2ECBF}.Release|Any CPU.ActiveCfg = Release|Any CPU
		{9EECEA2E-5370-4555-B517-BF3831B2ECBF}.Release|Any CPU.Build.0 = Release|Any CPU
	EndGlobalSection
	GlobalSection(SolutionProperties) = preSolution
		HideSolutionNode = FALSE
	EndGlobalSection
	GlobalSection(ExtensibilityGlobals) = postSolution
		SolutionGuid = {F002E7C1-AB99-40CB-8426-CE43EECB55EA}
	EndGlobalSection
EndGlobal
